
Microsoft Visual Studio Solution File, Format Version 12.00
# Visual Studio 15
Project("{FAE04EC0-301F-11D3-BF4B-00C04F79EFBC}") = "HttpClientWithProxyTest", "HttpClientWithProxyTest\HttpClientWithProxyTest.csproj", "{550249C8-33A9-4AF0-A95B-624AEE02A0FA}"
EndProject
Global
	GlobalSection(SolutionConfigurationPlatforms) = preSolution
		Debug|x86 = Debug|x86
		Release|x86 = Release|x86
	EndGlobalSection
	GlobalSection(ProjectConfigurationPlatforms) = postSolution
		{550249C8-33A9-4AF0-A95B-624AEE02A0FA}.Debug|x86.ActiveCfg = Debug|x86
		{550249C8-33A9-4AF0-A95B-624AEE02A0FA}.Debug|x86.Build.0 = Debug|x86
		{550249C8-33A9-4AF0-A95B-624AEE02A0FA}.Release|x86.ActiveCfg = Release|x86
		{550249C8-33A9-4AF0-A95B-624AEE02A0FA}.Release|x86.Build.0 = Release|x86
	EndGlobalSection
EndGlobal
